// !$*UTF8*$!
{
	archiveVersion = 1;
	classes = {
	};
	objectVersion = 46;
	objects = {

/* Begin PBXBuildFile section */
		1B8CEC441CADA258005447F4 /* main.m in Sources */ = {isa = PBXBuildFile; fileRef = 1B8CEC431CADA258005447F4 /* main.m */; };
		1B8CEC471CADA258005447F4 /* AppDelegate.m in Sources */ = {isa = PBXBuildFile; fileRef = 1B8CEC461CADA258005447F4 /* AppDelegate.m */; };
		1B8CEC4A1CADA258005447F4 /* MasterViewController.m in Sources */ = {isa = PBXBuildFile; fileRef = 1B8CEC491CADA258005447F4 /* MasterViewController.m */; };
		1B8CEC4D1CADA258005447F4 /* Main.storyboard in Resources */ = {isa = PBXBuildFile; fileRef = 1B8CEC4B1CADA258005447F4 /* Main.storyboard */; };
		1B8CEC501CADA258005447F4 /* Receipts__.xcdatamodeld in Sources */ = {isa = PBXBuildFile; fileRef = 1B8CEC4E1CADA258005447F4 /* Receipts__.xcdatamodeld */; };
		1B8CEC521CADA258005447F4 /* Assets.xcassets in Resources */ = {isa = PBXBuildFile; fileRef = 1B8CEC511CADA258005447F4 /* Assets.xcassets */; };
		1B8CEC551CADA258005447F4 /* LaunchScreen.storyboard in Resources */ = {isa = PBXBuildFile; fileRef = 1B8CEC531CADA258005447F4 /* LaunchScreen.storyboard */; };
		1B8CEC681CADA5D6005447F4 /* Tag+CoreDataProperties.m in Sources */ = {isa = PBXBuildFile; fileRef = 1B8CEC611CADA5D6005447F4 /* Tag+CoreDataProperties.m */; };
		1B8CEC691CADA5D6005447F4 /* Tag.m in Sources */ = {isa = PBXBuildFile; fileRef = 1B8CEC631CADA5D6005447F4 /* Tag.m */; };
		1B8CEC6A1CADA5D6005447F4 /* Receipt+CoreDataProperties.m in Sources */ = {isa = PBXBuildFile; fileRef = 1B8CEC651CADA5D6005447F4 /* Receipt+CoreDataProperties.m */; };
		1B8CEC6B1CADA5D6005447F4 /* Receipt.m in Sources */ = {isa = PBXBuildFile; fileRef = 1B8CEC671CADA5D6005447F4 /* Receipt.m */; };
		1B8CEC6E1CADA7A4005447F4 /* NewReceiptViewController.m in Sources */ = {isa = PBXBuildFile; fileRef = 1B8CEC6D1CADA7A4005447F4 /* NewReceiptViewController.m */; };
		1B8CEC721CADAE71005447F4 /* CoreDataStack.m in Sources */ = {isa = PBXBuildFile; fileRef = 1B8CEC711CADAE71005447F4 /* CoreDataStack.m */; };
/* End PBXBuildFile section */

/* Begin PBXFileReference section */
		1B8CEC3F1CADA258005447F4 /* Receipts++.app */ = {isa = PBXFileReference; explicitFileType = wrapper.application; includeInIndex = 0; path = "Receipts++.app"; sourceTree = BUILT_PRODUCTS_DIR; };
		1B8CEC431CADA258005447F4 /* main.m */ = {isa = PBXFileReference; lastKnownFileType = sourcecode.c.objc; path = main.m; sourceTree = "<group>"; };
		1B8CEC451CADA258005447F4 /* AppDelegate.h */ = {isa = PBXFileReference; lastKnownFileType = sourcecode.c.h; path = AppDelegate.h; sourceTree = "<group>"; };
		1B8CEC461CADA258005447F4 /* AppDelegate.m */ = {isa = PBXFileReference; lastKnownFileType = sourcecode.c.objc; path = AppDelegate.m; sourceTree = "<group>"; };
		1B8CEC481CADA258005447F4 /* MasterViewController.h */ = {isa = PBXFileReference; lastKnownFileType = sourcecode.c.h; path = MasterViewController.h; sourceTree = "<group>"; };
		1B8CEC491CADA258005447F4 /* MasterViewController.m */ = {isa = PBXFileReference; lastKnownFileType = sourcecode.c.objc; path = MasterViewController.m; sourceTree = "<group>"; };
		1B8CEC4C1CADA258005447F4 /* Base */ = {isa = PBXFileReference; lastKnownFileType = file.storyboard; name = Base; path = Base.lproj/Main.storyboard; sourceTree = "<group>"; };
		1B8CEC4F1CADA258005447F4 /* Receipts__.xcdatamodel */ = {isa = PBXFileReference; lastKnownFileType = wrapper.xcdatamodel; path = Receipts__.xcdatamodel; sourceTree = "<group>"; };
		1B8CEC511CADA258005447F4 /* Assets.xcassets */ = {isa = PBXFileReference; lastKnownFileType = folder.assetcatalog; name = Assets.xcassets; path = "Receipts++/Assets.xcassets"; sourceTree = "<group>"; };
		1B8CEC541CADA258005447F4 /* Base */ = {isa = PBXFileReference; lastKnownFileType = file.storyboard; name = Base; path = Base.lproj/LaunchScreen.storyboard; sourceTree = "<group>"; };
		1B8CEC561CADA258005447F4 /* Info.plist */ = {isa = PBXFileReference; lastKnownFileType = text.plist.xml; name = Info.plist; path = "Receipts++/Info.plist"; sourceTree = "<group>"; };
		1B8CEC601CADA5D6005447F4 /* Tag+CoreDataProperties.h */ = {isa = PBXFileReference; fileEncoding = 4; lastKnownFileType = sourcecode.c.h; name = "Tag+CoreDataProperties.h"; path = "../Tag+CoreDataProperties.h"; sourceTree = "<group>"; };
		1B8CEC611CADA5D6005447F4 /* Tag+CoreDataProperties.m */ = {isa = PBXFileReference; fileEncoding = 4; lastKnownFileType = sourcecode.c.objc; name = "Tag+CoreDataProperties.m"; path = "../Tag+CoreDataProperties.m"; sourceTree = "<group>"; };
		1B8CEC621CADA5D6005447F4 /* Tag.h */ = {isa = PBXFileReference; fileEncoding = 4; lastKnownFileType = sourcecode.c.h; name = Tag.h; path = ../Tag.h; sourceTree = "<group>"; };
		1B8CEC631CADA5D6005447F4 /* Tag.m */ = {isa = PBXFileReference; fileEncoding = 4; lastKnownFileType = sourcecode.c.objc; name = Tag.m; path = ../Tag.m; sourceTree = "<group>"; };
		1B8CEC641CADA5D6005447F4 /* Receipt+CoreDataProperties.h */ = {isa = PBXFileReference; fileEncoding = 4; lastKnownFileType = sourcecode.c.h; name = "Receipt+CoreDataProperties.h"; path = "../Receipt+CoreDataProperties.h"; sourceTree = "<group>"; };
		1B8CEC651CADA5D6005447F4 /* Receipt+CoreDataProperties.m */ = {isa = PBXFileReference; fileEncoding = 4; lastKnownFileType = sourcecode.c.objc; name = "Receipt+CoreDataProperties.m"; path = "../Receipt+CoreDataProperties.m"; sourceTree = "<group>"; };
		1B8CEC661CADA5D6005447F4 /* Receipt.h */ = {isa = PBXFileReference; fileEncoding = 4; lastKnownFileType = sourcecode.c.h; name = Receipt.h; path = ../Receipt.h; sourceTree = "<group>"; };
		1B8CEC671CADA5D6005447F4 /* Receipt.m */ = {isa = PBXFileReference; fileEncoding = 4; lastKnownFileType = sourcecode.c.objc; name = Receipt.m; path = ../Receipt.m; sourceTree = "<group>"; };
		1B8CEC6C1CADA7A4005447F4 /* NewReceiptViewController.h */ = {isa = PBXFileReference; fileEncoding = 4; lastKnownFileType = sourcecode.c.h; path = NewReceiptViewController.h; sourceTree = "<group>"; };
		1B8CEC6D1CADA7A4005447F4 /* NewReceiptViewController.m */ = {isa = PBXFileReference; fileEncoding = 4; lastKnownFileType = sourcecode.c.objc; path = NewReceiptViewController.m; sourceTree = "<group>"; };
		1B8CEC701CADAE71005447F4 /* CoreDataStack.h */ = {isa = PBXFileReference; fileEncoding = 4; lastKnownFileType = sourcecode.c.h; path = CoreDataStack.h; sourceTree = "<group>"; };
		1B8CEC711CADAE71005447F4 /* CoreDataStack.m */ = {isa = PBXFileReference; fileEncoding = 4; lastKnownFileType = sourcecode.c.objc; path = CoreDataStack.m; sourceTree = "<group>"; };
/* End PBXFileReference section */

/* Begin PBXFrameworksBuildPhase section */
		1B8CEC3C1CADA258005447F4 /* Frameworks */ = {
			isa = PBXFrameworksBuildPhase;
			buildActionMask = 2147483647;
			files = (
			);
			runOnlyForDeploymentPostprocessing = 0;
		};
/* End PBXFrameworksBuildPhase section */

/* Begin PBXGroup section */
		1B8CEC361CADA258005447F4 = {
			isa = PBXGroup;
			children = (
				1B8CEC411CADA258005447F4 /* Receipts++ */,
				1B8CEC4E1CADA258005447F4 /* Receipts__.xcdatamodeld */,
				1B8CEC511CADA258005447F4 /* Assets.xcassets */,
				1B8CEC561CADA258005447F4 /* Info.plist */,
				1B8CEC401CADA258005447F4 /* Products */,
			);
			sourceTree = "<group>";
		};
		1B8CEC401CADA258005447F4 /* Products */ = {
			isa = PBXGroup;
			children = (
				1B8CEC3F1CADA258005447F4 /* Receipts++.app */,
			);
			name = Products;
			sourceTree = "<group>";
		};
		1B8CEC411CADA258005447F4 /* Receipts++ */ = {
			isa = PBXGroup;
			children = (
				1B8CEC5C1CADA286005447F4 /* UI */,
				1B8CEC4B1CADA258005447F4 /* Main.storyboard */,
				1B8CEC531CADA258005447F4 /* LaunchScreen.storyboard */,
				1B8CEC5D1CADA28C005447F4 /* View */,
				1B8CEC5E1CADA290005447F4 /* Controller */,
				1B8CEC5F1CADA294005447F4 /* Model */,
				1B8CEC421CADA258005447F4 /* Supporting Files */,
			);
			path = "Receipts++";
			sourceTree = "<group>";
		};
		1B8CEC421CADA258005447F4 /* Supporting Files */ = {
			isa = PBXGroup;
			children = (
				1B8CEC431CADA258005447F4 /* main.m */,
			);
			name = "Supporting Files";
			sourceTree = "<group>";
		};
		1B8CEC5C1CADA286005447F4 /* UI */ = {
			isa = PBXGroup;
			children = (
			);
			name = UI;
			sourceTree = "<group>";
		};
		1B8CEC5D1CADA28C005447F4 /* View */ = {
			isa = PBXGroup;
			children = (
			);
			name = View;
			sourceTree = "<group>";
		};
		1B8CEC5E1CADA290005447F4 /* Controller */ = {
			isa = PBXGroup;
			children = (
				1B8CEC481CADA258005447F4 /* MasterViewController.h */,
				1B8CEC491CADA258005447F4 /* MasterViewController.m */,
				1B8CEC6C1CADA7A4005447F4 /* NewReceiptViewController.h */,
				1B8CEC6D1CADA7A4005447F4 /* NewReceiptViewController.m */,
			);
			name = Controller;
			sourceTree = "<group>";
		};
		1B8CEC5F1CADA294005447F4 /* Model */ = {
			isa = PBXGroup;
			children = (
				1B8CEC451CADA258005447F4 /* AppDelegate.h */,
				1B8CEC461CADA258005447F4 /* AppDelegate.m */,
				1B8CEC701CADAE71005447F4 /* CoreDataStack.h */,
				1B8CEC711CADAE71005447F4 /* CoreDataStack.m */,
				1B8CEC6F1CADAE0C005447F4 /* NSManagedObjects */,
			);
			name = Model;
			sourceTree = "<group>";
		};
		1B8CEC6F1CADAE0C005447F4 /* NSManagedObjects */ = {
			isa = PBXGroup;
			children = (
				1B8CEC601CADA5D6005447F4 /* Tag+CoreDataProperties.h */,
				1B8CEC611CADA5D6005447F4 /* Tag+CoreDataProperties.m */,
				1B8CEC621CADA5D6005447F4 /* Tag.h */,
				1B8CEC631CADA5D6005447F4 /* Tag.m */,
				1B8CEC641CADA5D6005447F4 /* Receipt+CoreDataProperties.h */,
				1B8CEC651CADA5D6005447F4 /* Receipt+CoreDataProperties.m */,
				1B8CEC661CADA5D6005447F4 /* Receipt.h */,
				1B8CEC671CADA5D6005447F4 /* Receipt.m */,
			);
			name = NSManagedObjects;
			sourceTree = "<group>";
		};
/* End PBXGroup section */

/* Begin PBXNativeTarget section */
		1B8CEC3E1CADA258005447F4 /* Receipts++ */ = {
			isa = PBXNativeTarget;
			buildConfigurationList = 1B8CEC591CADA258005447F4 /* Build configuration list for PBXNativeTarget "Receipts++" */;
			buildPhases = (
				1B8CEC3B1CADA258005447F4 /* Sources */,
				1B8CEC3C1CADA258005447F4 /* Frameworks */,
				1B8CEC3D1CADA258005447F4 /* Resources */,
			);
			buildRules = (
			);
			dependencies = (
			);
			name = "Receipts++";
			productName = "Receipts++";
			productReference = 1B8CEC3F1CADA258005447F4 /* Receipts++.app */;
			productType = "com.apple.product-type.application";
		};
/* End PBXNativeTarget section */

/* Begin PBXProject section */
		1B8CEC371CADA258005447F4 /* Project object */ = {
			isa = PBXProject;
			attributes = {
				LastUpgradeCheck = 0730;
				ORGANIZATIONNAME = "Nelson Chow";
				TargetAttributes = {
					1B8CEC3E1CADA258005447F4 = {
						CreatedOnToolsVersion = 7.3;
						DevelopmentTeam = 9WJCEPJG8Q;
					};
				};
			};
			buildConfigurationList = 1B8CEC3A1CADA258005447F4 /* Build configuration list for PBXProject "Receipts++" */;
			compatibilityVersion = "Xcode 3.2";
			developmentRegion = English;
			hasScannedForEncodings = 0;
			knownRegions = (
				en,
				Base,
			);
			mainGroup = 1B8CEC361CADA258005447F4;
			productRefGroup = 1B8CEC401CADA258005447F4 /* Products */;
			projectDirPath = "";
			projectRoot = "";
			targets = (
				1B8CEC3E1CADA258005447F4 /* Receipts++ */,
			);
		};
/* End PBXProject section */

/* Begin PBXResourcesBuildPhase section */
		1B8CEC3D1CADA258005447F4 /* Resources */ = {
			isa = PBXResourcesBuildPhase;
			buildActionMask = 2147483647;
			files = (
				1B8CEC551CADA258005447F4 /* LaunchScreen.storyboard in Resources */,
				1B8CEC521CADA258005447F4 /* Assets.xcassets in Resources */,
				1B8CEC4D1CADA258005447F4 /* Main.storyboard in Resources */,
			);
			runOnlyForDeploymentPostprocessing = 0;
		};
/* End PBXResourcesBuildPhase section */

/* Begin PBXSourcesBuildPhase section */
		1B8CEC3B1CADA258005447F4 /* Sources */ = {
			isa = PBXSourcesBuildPhase;
			buildActionMask = 2147483647;
			files = (
				1B8CEC6B1CADA5D6005447F4 /* Receipt.m in Sources */,
				1B8CEC6E1CADA7A4005447F4 /* NewReceiptViewController.m in Sources */,
				1B8CEC691CADA5D6005447F4 /* Tag.m in Sources */,
				1B8CEC501CADA258005447F4 /* Receipts__.xcdatamodeld in Sources */,
				1B8CEC6A1CADA5D6005447F4 /* Receipt+CoreDataProperties.m in Sources */,
				1B8CEC721CADAE71005447F4 /* CoreDataStack.m in Sources */,
				1B8CEC681CADA5D6005447F4 /* Tag+CoreDataProperties.m in Sources */,
				1B8CEC4A1CADA258005447F4 /* MasterViewController.m in Sources */,
				1B8CEC471CADA258005447F4 /* AppDelegate.m in Sources */,
				1B8CEC441CADA258005447F4 /* main.m in Sources */,
			);
			runOnlyForDeploymentPostprocessing = 0;
		};
/* End PBXSourcesBuildPhase section */

/* Begin PBXVariantGroup section */
		1B8CEC4B1CADA258005447F4 /* Main.storyboard */ = {
			isa = PBXVariantGroup;
			children = (
				1B8CEC4C1CADA258005447F4 /* Base */,
			);
			name = Main.storyboard;
			sourceTree = "<group>";
		};
		1B8CEC531CADA258005447F4 /* LaunchScreen.storyboard */ = {
			isa = PBXVariantGroup;
			children = (
				1B8CEC541CADA258005447F4 /* Base */,
			);
			name = LaunchScreen.storyboard;
			sourceTree = "<group>";
		};
/* End PBXVariantGroup section */

/* Begin XCBuildConfiguration section */
		1B8CEC571CADA258005447F4 /* Debug */ = {
			isa = XCBuildConfiguration;
			buildSettings = {
				ALWAYS_SEARCH_USER_PATHS = NO;
				CLANG_ANALYZER_NONNULL = YES;
				CLANG_CXX_LANGUAGE_STANDARD = "gnu++0x";
				CLANG_CXX_LIBRARY = "libc++";
				CLANG_ENABLE_MODULES = YES;
				CLANG_ENABLE_OBJC_ARC = YES;
				CLANG_WARN_BOOL_CONVERSION = YES;
				CLANG_WARN_CONSTANT_CONVERSION = YES;
				CLANG_WARN_DIRECT_OBJC_ISA_USAGE = YES_ERROR;
				CLANG_WARN_EMPTY_BODY = YES;
				CLANG_WARN_ENUM_CONVERSION = YES;
				CLANG_WARN_INT_CONVERSION = YES;
				CLANG_WARN_OBJC_ROOT_CLASS = YES_ERROR;
				CLANG_WARN_UNREACHABLE_CODE = YES;
				CLANG_WARN__DUPLICATE_METHOD_MATCH = YES;
				"CODE_SIGN_IDENTITY[sdk=iphoneos*]" = "iPhone Developer";
				COPY_PHASE_STRIP = NO;
				DEBUG_INFORMATION_FORMAT = dwarf;
				ENABLE_STRICT_OBJC_MSGSEND = YES;
				ENABLE_TESTABILITY = YES;
				GCC_C_LANGUAGE_STANDARD = gnu99;
				GCC_DYNAMIC_NO_PIC = NO;
				GCC_NO_COMMON_BLOCKS = YES;
				GCC_OPTIMIZATION_LEVEL = 0;
				GCC_PREPROCESSOR_DEFINITIONS = (
					"DEBUG=1",
					"$(inherited)",
				);
				GCC_WARN_64_TO_32_BIT_CONVERSION = YES;
				GCC_WARN_ABOUT_RETURN_TYPE = YES_ERROR;
				GCC_WARN_UNDECLARED_SELECTOR = YES;
				GCC_WARN_UNINITIALIZED_AUTOS = YES_AGGRESSIVE;
				GCC_WARN_UNUSED_FUNCTION = YES;
				GCC_WARN_UNUSED_VARIABLE = YES;
				IPHONEOS_DEPLOYMENT_TARGET = 9.3;
				MTL_ENABLE_DEBUG_INFO = YES;
				ONLY_ACTIVE_ARCH = YES;
				SDKROOT = iphoneos;
			};
			name = Debug;
		};
		1B8CEC581CADA258005447F4 /* Release */ = {
			isa = XCBuildConfiguration;
			buildSettings = {
				ALWAYS_SEARCH_USER_PATHS = NO;
				CLANG_ANALYZER_NONNULL = YES;
				CLANG_CXX_LANGUAGE_STANDARD = "gnu++0x";
				CLANG_CXX_LIBRARY = "libc++";
				CLANG_ENABLE_MODULES = YES;
				CLANG_ENABLE_OBJC_ARC = YES;
				CLANG_WARN_BOOL_CONVERSION = YES;
				CLANG_WARN_CONSTANT_CONVERSION = YES;
				CLANG_WARN_DIRECT_OBJC_ISA_USAGE = YES_ERROR;
				CLANG_WARN_EMPTY_BODY = YES;
				CLANG_WARN_ENUM_CONVERSION = YES;
				CLANG_WARN_INT_CONVERSION = YES;
				CLANG_WARN_OBJC_ROOT_CLASS = YES_ERROR;
				CLANG_WARN_UNREACHABLE_CODE = YES;
				CLANG_WARN__DUPLICATE_METHOD_MATCH = YES;
				"CODE_SIGN_IDENTITY[sdk=iphoneos*]" = "iPhone Developer";
				COPY_PHASE_STRIP = NO;
				DEBUG_INFORMATION_FORMAT = "dwarf-with-dsym";
				ENABLE_NS_ASSERTIONS = NO;
				ENABLE_STRICT_OBJC_MSGSEND = YES;
				GCC_C_LANGUAGE_STANDARD = gnu99;
				GCC_NO_COMMON_BLOCKS = YES;
				GCC_WARN_64_TO_32_BIT_CONVERSION = YES;
				GCC_WARN_ABOUT_RETURN_TYPE = YES_ERROR;
				GCC_WARN_UNDECLARED_SELECTOR = YES;
				GCC_WARN_UNINITIALIZED_AUTOS = YES_AGGRESSIVE;
				GCC_WARN_UNUSED_FUNCTION = YES;
				GCC_WARN_UNUSED_VARIABLE = YES;
				IPHONEOS_DEPLOYMENT_TARGET = 9.3;
				MTL_ENABLE_DEBUG_INFO = NO;
				SDKROOT = iphoneos;
				VALIDATE_PRODUCT = YES;
			};
			name = Release;
		};
		1B8CEC5A1CADA258005447F4 /* Debug */ = {
			isa = XCBuildConfiguration;
			buildSettings = {
				ASSETCATALOG_COMPILER_APPICON_NAME = AppIcon;
				INFOPLIST_FILE = "Receipts++/Info.plist";
				LD_RUNPATH_SEARCH_PATHS = "$(inherited) @executable_path/Frameworks";
				PRODUCT_BUNDLE_IDENTIFIER = "nc.Receipts--";
				PRODUCT_NAME = "$(TARGET_NAME)";
			};
			name = Debug;
		};
		1B8CEC5B1CADA258005447F4 /* Release */ = {
			isa = XCBuildConfiguration;
			buildSettings = {
				ASSETCATALOG_COMPILER_APPICON_NAME = AppIcon;
				INFOPLIST_FILE = "Receipts++/Info.plist";
				LD_RUNPATH_SEARCH_PATHS = "$(inherited) @executable_path/Frameworks";
				PRODUCT_BUNDLE_IDENTIFIER = "nc.Receipts--";
				PRODUCT_NAME = "$(TARGET_NAME)";
			};
			name = Release;
		};
/* End XCBuildConfiguration section */

/* Begin XCConfigurationList section */
		1B8CEC3A1CADA258005447F4 /* Build configuration list for PBXProject "Receipts++" */ = {
			isa = XCConfigurationList;
			buildConfigurations = (
				1B8CEC571CADA258005447F4 /* Debug */,
				1B8CEC581CADA258005447F4 /* Release */,
			);
			defaultConfigurationIsVisible = 0;
			defaultConfigurationName = Release;
		};
		1B8CEC591CADA258005447F4 /* Build configuration list for PBXNativeTarget "Receipts++" */ = {
			isa = XCConfigurationList;
			buildConfigurations = (
				1B8CEC5A1CADA258005447F4 /* Debug */,
				1B8CEC5B1CADA258005447F4 /* Release */,
			);
			defaultConfigurationIsVisible = 0;
		};
/* End XCConfigurationList section */

/* Begin XCVersionGroup section */
		1B8CEC4E1CADA258005447F4 /* Receipts__.xcdatamodeld */ = {
			isa = XCVersionGroup;
			children = (
				1B8CEC4F1CADA258005447F4 /* Receipts__.xcdatamodel */,
			);
			currentVersion = 1B8CEC4F1CADA258005447F4 /* Receipts__.xcdatamodel */;
			name = Receipts__.xcdatamodeld;
			path = "Receipts++/Receipts__.xcdatamodeld";
			sourceTree = "<group>";
			versionGroupType = wrapper.xcdatamodel;
		};
/* End XCVersionGroup section */
	};
	rootObject = 1B8CEC371CADA258005447F4 /* Project object */;
}
